{
	"name": "test",
	"version": "1.0.0",
	"lockfileVersion": 3,
	"requires": true,
	"packages": {
		"": {
			"name": "test",
			"version": "1.0.0",
			"hasInstallScript": true,
			"license": "ISC",
			"optionalDependencies": {
				"@beecode/msh-app-boot": ".."
			}
		},
		"..": {
			"name": "@beecode/msh-app-boot",
			"version": "0.0.0",
			"license": "mit",
			"optional": true,
			"dependencies": {
				"@beecode/msh-logger": "0.2.0-alpha"
			},
			"devDependencies": {
				"@beecode/msh-test-contractor": "0.3.9",
				"@commitlint/cli": "17.6.1",
				"@commitlint/config-conventional": "17.6.1",
				"@commitlint/prompt": "17.6.1",
				"@semantic-release/changelog": "6.0.3",
				"@semantic-release/commit-analyzer": "9.0.2",
				"@semantic-release/exec": "6.0.3",
				"@semantic-release/git": "10.0.1",
				"@semantic-release/github": "8.0.7",
				"@semantic-release/release-notes-generator": "10.0.3",
				"@types/glob": "8.1.0",
				"@types/jest": "29.5.1",
				"@types/node": "18.15.13",
				"@typescript-eslint/eslint-plugin": "5.59.0",
				"@typescript-eslint/parser": "5.59.0",
				"commitizen": "4.3.0",
				"eslint": "8.39.0",
				"eslint-config-prettier": "8.8.0",
				"eslint-plugin-import": "2.27.5",
				"eslint-plugin-jest": "27.2.1",
				"eslint-plugin-no-loops": "0.3.0",
				"eslint-plugin-no-only-tests": "3.1.0",
				"eslint-plugin-prettier": "4.2.1",
				"eslint-plugin-sort-keys-fix": "1.1.2",
				"husky": "8.0.3",
				"jest": "29.5.0",
				"jest-extended": "3.2.4",
				"markdown-toc": "1.2.0",
				"prettier": "2.8.7",
				"rimraf": "5.0.0",
				"semantic-release": "21.0.1",
				"source-map-support": "0.5.21",
				"ts-jest": "29.1.0",
				"ts-node": "10.9.1",
				"tsc-alias": "1.8.5",
				"tsc-watch": "6.0.0",
				"typedoc": "0.24.4",
				"typedoc-plugin-markdown": "3.15.2",
				"typescript": "4.9.5"
			},
			"engines": {
				"node": "=18.15.0",
				"npm": "=9.6.1"
			}
		},
		"node_modules/@beecode/msh-app-boot": {
			"resolved": "..",
			"link": true
		}
	}
}
